
Microsoft Visual Studio Solution File, Format Version 12.00
# Visual Studio Version 17
VisualStudioVersion = 17.3.32901.215
MinimumVisualStudioVersion = 10.0.40219.1
Project("{FAE04EC0-301F-11D3-BF4B-00C04F79EFBC}") = "CP3 Lab Excercise 1 Student Registration Form", "CP3 Lab Excercise 1 Student Registration Form\CP3 Lab Excercise 1 Student Registration Form.csproj", "{6B2820ED-173A-4952-B3C0-A9DE6D103DB0}"
EndProject
Global
	GlobalSection(SolutionConfigurationPlatforms) = preSolution
		Debug|Any CPU = Debug|Any CPU
		Release|Any CPU = Release|Any CPU
	EndGlobalSection
	GlobalSection(ProjectConfigurationPlatforms) = postSolution
		{6B2820ED-173A-4952-B3C0-A9DE6D103DB0}.Debug|Any CPU.ActiveCfg = Debug|Any CPU
		{6B2820ED-173A-4952-B3C0-A9DE6D103DB0}.Debug|Any CPU.Build.0 = Debug|Any CPU
		{6B2820ED-173A-4952-B3C0-A9DE6D103DB0}.Release|Any CPU.ActiveCfg = Release|Any CPU
		{6B2820ED-173A-4952-B3C0-A9DE6D103DB0}.Release|Any CPU.Build.0 = Release|Any CPU
	EndGlobalSection
	GlobalSection(SolutionProperties) = preSolution
		HideSolutionNode = FALSE
	EndGlobalSection
	GlobalSection(ExtensibilityGlobals) = postSolution
		SolutionGuid = {60FE3164-CE36-4AE6-B42A-0EF150FF5627}
	EndGlobalSection
EndGlobal
