
Microsoft Visual Studio Solution File, Format Version 12.00
# Visual Studio Version 17
VisualStudioVersion = 17.3.32901.215
MinimumVisualStudioVersion = 10.0.40219.1
Project("{FAE04EC0-301F-11D3-BF4B-00C04F79EFBC}") = "Basic Input Output", "Basic Input Output\Basic Input Output.csproj", "{7E0B665A-EBE4-46AE-BDAC-5DB311E77C78}"
EndProject
Global
	GlobalSection(SolutionConfigurationPlatforms) = preSolution
		Debug|Any CPU = Debug|Any CPU
		Release|Any CPU = Release|Any CPU
	EndGlobalSection
	GlobalSection(ProjectConfigurationPlatforms) = postSolution
		{7E0B665A-EBE4-46AE-BDAC-5DB311E77C78}.Debug|Any CPU.ActiveCfg = Debug|Any CPU
		{7E0B665A-EBE4-46AE-BDAC-5DB311E77C78}.Debug|Any CPU.Build.0 = Debug|Any CPU
		{7E0B665A-EBE4-46AE-BDAC-5DB311E77C78}.Release|Any CPU.ActiveCfg = Release|Any CPU
		{7E0B665A-EBE4-46AE-BDAC-5DB311E77C78}.Release|Any CPU.Build.0 = Release|Any CPU
	EndGlobalSection
	GlobalSection(SolutionProperties) = preSolution
		HideSolutionNode = FALSE
	EndGlobalSection
	GlobalSection(ExtensibilityGlobals) = postSolution
		SolutionGuid = {DB62935C-ED8B-4E8E-A8FF-3E373B992C6F}
	EndGlobalSection
EndGlobal
